// !$*UTF8*$!
{
	archiveVersion = 1;
	classes = {
	};
	objectVersion = 50;
	objects = {

/* Begin PBXBuildFile section */
		256379C3233719E3003F450F /* AppDelegate.m in Sources */ = {isa = PBXBuildFile; fileRef = 256379C2233719E3003F450F /* AppDelegate.m */; };
		256379C9233719E3003F450F /* ViewController.m in Sources */ = {isa = PBXBuildFile; fileRef = 256379C8233719E3003F450F /* ViewController.m */; };
		256379CC233719E3003F450F /* Main.storyboard in Resources */ = {isa = PBXBuildFile; fileRef = 256379CA233719E3003F450F /* Main.storyboard */; };
		256379CE233719E4003F450F /* Assets.xcassets in Resources */ = {isa = PBXBuildFile; fileRef = 256379CD233719E4003F450F /* Assets.xcassets */; };
		256379D1233719E4003F450F /* LaunchScreen.storyboard in Resources */ = {isa = PBXBuildFile; fileRef = 256379CF233719E4003F450F /* LaunchScreen.storyboard */; };
		256379D4233719E4003F450F /* main.m in Sources */ = {isa = PBXBuildFile; fileRef = 256379D3233719E4003F450F /* main.m */; };
/* End PBXBuildFile section */

/* Begin PBXFileReference section */
		256379BE233719E3003F450F /* NSMutableString.app */ = {isa = PBXFileReference; explicitFileType = wrapper.application; includeInIndex = 0; path = NSMutableString.app; sourceTree = BUILT_PRODUCTS_DIR; };
		256379C1233719E3003F450F /* AppDelegate.h */ = {isa = PBXFileReference; lastKnownFileType = sourcecode.c.h; path = AppDelegate.h; sourceTree = "<group>"; };
		256379C2233719E3003F450F /* AppDelegate.m */ = {isa = PBXFileReference; lastKnownFileType = sourcecode.c.objc; path = AppDelegate.m; sourceTree = "<group>"; };
		256379C7233719E3003F450F /* ViewController.h */ = {isa = PBXFileReference; lastKnownFileType = sourcecode.c.h; path = ViewController.h; sourceTree = "<group>"; };
		256379C8233719E3003F450F /* ViewController.m */ = {isa = PBXFileReference; lastKnownFileType = sourcecode.c.objc; path = ViewController.m; sourceTree = "<group>"; };
		256379CB233719E3003F450F /* Base */ = {isa = PBXFileReference; lastKnownFileType = file.storyboard; name = Base; path = Base.lproj/Main.storyboard; sourceTree = "<group>"; };
		256379CD233719E4003F450F /* Assets.xcassets */ = {isa = PBXFileReference; lastKnownFileType = folder.assetcatalog; path = Assets.xcassets; sourceTree = "<group>"; };
		256379D0233719E4003F450F /* Base */ = {isa = PBXFileReference; lastKnownFileType = file.storyboard; name = Base; path = Base.lproj/LaunchScreen.storyboard; sourceTree = "<group>"; };
		256379D2233719E4003F450F /* Info.plist */ = {isa = PBXFileReference; lastKnownFileType = text.plist.xml; path = Info.plist; sourceTree = "<group>"; };
		256379D3233719E4003F450F /* main.m */ = {isa = PBXFileReference; lastKnownFileType = sourcecode.c.objc; path = main.m; sourceTree = "<group>"; };
/* End PBXFileReference section */

/* Begin PBXFrameworksBuildPhase section */
		256379BB233719E3003F450F /* Frameworks */ = {
			isa = PBXFrameworksBuildPhase;
			buildActionMask = 2147483647;
			files = (
			);
			runOnlyForDeploymentPostprocessing = 0;
		};
/* End PBXFrameworksBuildPhase section */

/* Begin PBXGroup section */
		256379B5233719E3003F450F = {
			isa = PBXGroup;
			children = (
				256379C0233719E3003F450F /* NSMutableString */,
				256379BF233719E3003F450F /* Products */,
			);
			sourceTree = "<group>";
		};
		256379BF233719E3003F450F /* Products */ = {
			isa = PBXGroup;
			children = (
				256379BE233719E3003F450F /* NSMutableString.app */,
			);
			name = Products;
			sourceTree = "<group>";
		};
		256379C0233719E3003F450F /* NSMutableString */ = {
			isa = PBXGroup;
			children = (
				256379C1233719E3003F450F /* AppDelegate.h */,
				256379C2233719E3003F450F /* AppDelegate.m */,
				256379C7233719E3003F450F /* ViewController.h */,
				256379C8233719E3003F450F /* ViewController.m */,
				256379CA233719E3003F450F /* Main.storyboard */,
				256379CD233719E4003F450F /* Assets.xcassets */,
				256379CF233719E4003F450F /* LaunchScreen.storyboard */,
				256379D2233719E4003F450F /* Info.plist */,
				256379D3233719E4003F450F /* main.m */,
			);
			path = NSMutableString;
			sourceTree = "<group>";
		};
/* End PBXGroup section */

/* Begin PBXNativeTarget section */
		256379BD233719E3003F450F /* NSMutableString */ = {
			isa = PBXNativeTarget;
			buildConfigurationList = 256379D7233719E4003F450F /* Build configuration list for PBXNativeTarget "NSMutableString" */;
			buildPhases = (
				256379BA233719E3003F450F /* Sources */,
				256379BB233719E3003F450F /* Frameworks */,
				256379BC233719E3003F450F /* Resources */,
			);
			buildRules = (
			);
			dependencies = (
			);
			name = NSMutableString;
			productName = NSMutableString;
			productReference = 256379BE233719E3003F450F /* NSMutableString.app */;
			productType = "com.apple.product-type.application";
		};
/* End PBXNativeTarget section */

/* Begin PBXProject section */
		256379B6233719E3003F450F /* Project object */ = {
			isa = PBXProject;
			attributes = {
				LastUpgradeCheck = 1100;
				ORGANIZATIONNAME = jaki;
				TargetAttributes = {
					256379BD233719E3003F450F = {
						CreatedOnToolsVersion = 11.0;
					};
				};
			};
			buildConfigurationList = 256379B9233719E3003F450F /* Build configuration list for PBXProject "NSMutableString" */;
			compatibilityVersion = "Xcode 9.3";
			developmentRegion = en;
			hasScannedForEncodings = 0;
			knownRegions = (
				en,
				Base,
			);
			mainGroup = 256379B5233719E3003F450F;
			productRefGroup = 256379BF233719E3003F450F /* Products */;
			projectDirPath = "";
			projectRoot = "";
			targets = (
				256379BD233719E3003F450F /* NSMutableString */,
			);
		};
/* End PBXProject section */

/* Begin PBXResourcesBuildPhase section */
		256379BC233719E3003F450F /* Resources */ = {
			isa = PBXResourcesBuildPhase;
			buildActionMask = 2147483647;
			files = (
				256379D1233719E4003F450F /* LaunchScreen.storyboard in Resources */,
				256379CE233719E4003F450F /* Assets.xcassets in Resources */,
				256379CC233719E3003F450F /* Main.storyboard in Resources */,
			);
			runOnlyForDeploymentPostprocessing = 0;
		};
/* End PBXResourcesBuildPhase section */

/* Begin PBXSourcesBuildPhase section */
		256379BA233719E3003F450F /* Sources */ = {
			isa = PBXSourcesBuildPhase;
			buildActionMask = 2147483647;
			files = (
				256379C9233719E3003F450F /* ViewController.m in Sources */,
				256379C3233719E3003F450F /* AppDelegate.m in Sources */,
				256379D4233719E4003F450F /* main.m in Sources */,
			);
			runOnlyForDeploymentPostprocessing = 0;
		};
/* End PBXSourcesBuildPhase section */

/* Begin PBXVariantGroup section */
		256379CA233719E3003F450F /* Main.storyboard */ = {
			isa = PBXVariantGroup;
			children = (
				256379CB233719E3003F450F /* Base */,
			);
			name = Main.storyboard;
			sourceTree = "<group>";
		};
		256379CF233719E4003F450F /* LaunchScreen.storyboard */ = {
			isa = PBXVariantGroup;
			children = (
				256379D0233719E4003F450F /* Base */,
			);
			name = LaunchScreen.storyboard;
			sourceTree = "<group>";
		};
/* End PBXVariantGroup section */

/* Begin XCBuildConfiguration section */
		256379D5233719E4003F450F /* Debug */ = {
			isa = XCBuildConfiguration;
			buildSettings = {
				ALWAYS_SEARCH_USER_PATHS = NO;
				CLANG_ANALYZER_NONNULL = YES;
				CLANG_ANALYZER_NUMBER_OBJECT_CONVERSION = YES_AGGRESSIVE;
				CLANG_CXX_LANGUAGE_STANDARD = "gnu++14";
				CLANG_CXX_LIBRARY = "libc++";
				CLANG_ENABLE_MODULES = YES;
				CLANG_ENABLE_OBJC_ARC = YES;
				CLANG_ENABLE_OBJC_WEAK = YES;
				CLANG_WARN_BLOCK_CAPTURE_AUTORELEASING = YES;
				CLANG_WARN_BOOL_CONVERSION = YES;
				CLANG_WARN_COMMA = YES;
				CLANG_WARN_CONSTANT_CONVERSION = YES;
				CLANG_WARN_DEPRECATED_OBJC_IMPLEMENTATIONS = YES;
				CLANG_WARN_DIRECT_OBJC_ISA_USAGE = YES_ERROR;
				CLANG_WARN_DOCUMENTATION_COMMENTS = YES;
				CLANG_WARN_EMPTY_BODY = YES;
				CLANG_WARN_ENUM_CONVERSION = YES;
				CLANG_WARN_INFINITE_RECURSION = YES;
				CLANG_WARN_INT_CONVERSION = YES;
				CLANG_WARN_NON_LITERAL_NULL_CONVERSION = YES;
				CLANG_WARN_OBJC_IMPLICIT_RETAIN_SELF = YES;
				CLANG_WARN_OBJC_LITERAL_CONVERSION = YES;
				CLANG_WARN_OBJC_ROOT_CLASS = YES_ERROR;
				CLANG_WARN_RANGE_LOOP_ANALYSIS = YES;
				CLANG_WARN_STRICT_PROTOTYPES = YES;
				CLANG_WARN_SUSPICIOUS_MOVE = YES;
				CLANG_WARN_UNGUARDED_AVAILABILITY = YES_AGGRESSIVE;
				CLANG_WARN_UNREACHABLE_CODE = YES;
				CLANG_WARN__DUPLICATE_METHOD_MATCH = YES;
				COPY_PHASE_STRIP = NO;
				DEBUG_INFORMATION_FORMAT = dwarf;
				ENABLE_STRICT_OBJC_MSGSEND = YES;
				ENABLE_TESTABILITY = YES;
				GCC_C_LANGUAGE_STANDARD = gnu11;
				GCC_DYNAMIC_NO_PIC = NO;
				GCC_NO_COMMON_BLOCKS = YES;
				GCC_OPTIMIZATION_LEVEL = 0;
				GCC_PREPROCESSOR_DEFINITIONS = (
					"DEBUG=1",
					"$(inherited)",
				);
				GCC_WARN_64_TO_32_BIT_CONVERSION = YES;
				GCC_WARN_ABOUT_RETURN_TYPE = YES_ERROR;
				GCC_WARN_UNDECLARED_SELECTOR = YES;
				GCC_WARN_UNINITIALIZED_AUTOS = YES_AGGRESSIVE;
				GCC_WARN_UNUSED_FUNCTION = YES;
				GCC_WARN_UNUSED_VARIABLE = YES;
				IPHONEOS_DEPLOYMENT_TARGET = 11.3;
				MTL_ENABLE_DEBUG_INFO = INCLUDE_SOURCE;
				MTL_FAST_MATH = YES;
				ONLY_ACTIVE_ARCH = YES;
				SDKROOT = iphoneos;
			};
			name = Debug;
		};
		256379D6233719E4003F450F /* Release */ = {
			isa = XCBuildConfiguration;
			buildSettings = {
				ALWAYS_SEARCH_USER_PATHS = NO;
				CLANG_ANALYZER_NONNULL = YES;
				CLANG_ANALYZER_NUMBER_OBJECT_CONVERSION = YES_AGGRESSIVE;
				CLANG_CXX_LANGUAGE_STANDARD = "gnu++14";
				CLANG_CXX_LIBRARY = "libc++";
				CLANG_ENABLE_MODULES = YES;
				CLANG_ENABLE_OBJC_ARC = YES;
				CLANG_ENABLE_OBJC_WEAK = YES;
				CLANG_WARN_BLOCK_CAPTURE_AUTORELEASING = YES;
				CLANG_WARN_BOOL_CONVERSION = YES;
				CLANG_WARN_COMMA = YES;
				CLANG_WARN_CONSTANT_CONVERSION = YES;
				CLANG_WARN_DEPRECATED_OBJC_IMPLEMENTATIONS = YES;
				CLANG_WARN_DIRECT_OBJC_ISA_USAGE = YES_ERROR;
				CLANG_WARN_DOCUMENTATION_COMMENTS = YES;
				CLANG_WARN_EMPTY_BODY = YES;
				CLANG_WARN_ENUM_CONVERSION = YES;
				CLANG_WARN_INFINITE_RECURSION = YES;
				CLANG_WARN_INT_CONVERSION = YES;
				CLANG_WARN_NON_LITERAL_NULL_CONVERSION = YES;
				CLANG_WARN_OBJC_IMPLICIT_RETAIN_SELF = YES;
				CLANG_WARN_OBJC_LITERAL_CONVERSION = YES;
				CLANG_WARN_OBJC_ROOT_CLASS = YES_ERROR;
				CLANG_WARN_RANGE_LOOP_ANALYSIS = YES;
				CLANG_WARN_STRICT_PROTOTYPES = YES;
				CLANG_WARN_SUSPICIOUS_MOVE = YES;
				CLANG_WARN_UNGUARDED_AVAILABILITY = YES_AGGRESSIVE;
				CLANG_WARN_UNREACHABLE_CODE = YES;
				CLANG_WARN__DUPLICATE_METHOD_MATCH = YES;
				COPY_PHASE_STRIP = NO;
				DEBUG_INFORMATION_FORMAT = "dwarf-with-dsym";
				ENABLE_NS_ASSERTIONS = NO;
				ENABLE_STRICT_OBJC_MSGSEND = YES;
				GCC_C_LANGUAGE_STANDARD = gnu11;
				GCC_NO_COMMON_BLOCKS = YES;
				GCC_WARN_64_TO_32_BIT_CONVERSION = YES;
				GCC_WARN_ABOUT_RETURN_TYPE = YES_ERROR;
				GCC_WARN_UNDECLARED_SELECTOR = YES;
				GCC_WARN_UNINITIALIZED_AUTOS = YES_AGGRESSIVE;
				GCC_WARN_UNUSED_FUNCTION = YES;
				GCC_WARN_UNUSED_VARIABLE = YES;
				IPHONEOS_DEPLOYMENT_TARGET = 11.3;
				MTL_ENABLE_DEBUG_INFO = NO;
				MTL_FAST_MATH = YES;
				SDKROOT = iphoneos;
				VALIDATE_PRODUCT = YES;
			};
			name = Release;
		};
		256379D8233719E4003F450F /* Debug */ = {
			isa = XCBuildConfiguration;
			buildSettings = {
				ASSETCATALOG_COMPILER_APPICON_NAME = AppIcon;
				CODE_SIGN_STYLE = Automatic;
				INFOPLIST_FILE = NSMutableString/Info.plist;
				LD_RUNPATH_SEARCH_PATHS = (
					"$(inherited)",
					"@executable_path/Frameworks",
				);
				PRODUCT_BUNDLE_IDENTIFIER = jaki.NSMutableString;
				PRODUCT_NAME = "$(TARGET_NAME)";
				TARGETED_DEVICE_FAMILY = "1,2";
			};
			name = Debug;
		};
		256379D9233719E4003F450F /* Release */ = {
			isa = XCBuildConfiguration;
			buildSettings = {
				ASSETCATALOG_COMPILER_APPICON_NAME = AppIcon;
				CODE_SIGN_STYLE = Automatic;
				INFOPLIST_FILE = NSMutableString/Info.plist;
				LD_RUNPATH_SEARCH_PATHS = (
					"$(inherited)",
					"@executable_path/Frameworks",
				);
				PRODUCT_BUNDLE_IDENTIFIER = jaki.NSMutableString;
				PRODUCT_NAME = "$(TARGET_NAME)";
				TARGETED_DEVICE_FAMILY = "1,2";
			};
			name = Release;
		};
/* End XCBuildConfiguration section */

/* Begin XCConfigurationList section */
		256379B9233719E3003F450F /* Build configuration list for PBXProject "NSMutableString" */ = {
			isa = XCConfigurationList;
			buildConfigurations = (
				256379D5233719E4003F450F /* Debug */,
				256379D6233719E4003F450F /* Release */,
			);
			defaultConfigurationIsVisible = 0;
			defaultConfigurationName = Release;
		};
		256379D7233719E4003F450F /* Build configuration list for PBXNativeTarget "NSMutableString" */ = {
			isa = XCConfigurationList;
			buildConfigurations = (
				256379D8233719E4003F450F /* Debug */,
				256379D9233719E4003F450F /* Release */,
			);
			defaultConfigurationIsVisible = 0;
			defaultConfigurationName = Release;
		};
/* End XCConfigurationList section */
	};
	rootObject = 256379B6233719E3003F450F /* Project object */;
}
