// !$*UTF8*$!
{
	archiveVersion = 1;
	classes = {
	};
	objectVersion = 50;
	objects = {

/* Begin PBXBuildFile section */
		254022D823E520A200C35672 /* AppDelegate.m in Sources */ = {isa = PBXBuildFile; fileRef = 254022D723E520A200C35672 /* AppDelegate.m */; };
		254022DB23E520A200C35672 /* SceneDelegate.m in Sources */ = {isa = PBXBuildFile; fileRef = 254022DA23E520A200C35672 /* SceneDelegate.m */; };
		254022DE23E520A200C35672 /* ViewController.m in Sources */ = {isa = PBXBuildFile; fileRef = 254022DD23E520A200C35672 /* ViewController.m */; };
		254022E123E520A200C35672 /* Main.storyboard in Resources */ = {isa = PBXBuildFile; fileRef = 254022DF23E520A200C35672 /* Main.storyboard */; };
		254022E323E520A300C35672 /* Assets.xcassets in Resources */ = {isa = PBXBuildFile; fileRef = 254022E223E520A300C35672 /* Assets.xcassets */; };
		254022E623E520A300C35672 /* LaunchScreen.storyboard in Resources */ = {isa = PBXBuildFile; fileRef = 254022E423E520A300C35672 /* LaunchScreen.storyboard */; };
		254022E923E520A300C35672 /* main.m in Sources */ = {isa = PBXBuildFile; fileRef = 254022E823E520A300C35672 /* main.m */; };
		254022F123E52FE200C35672 /* MyOperation.m in Sources */ = {isa = PBXBuildFile; fileRef = 254022F023E52FE200C35672 /* MyOperation.m */; };
/* End PBXBuildFile section */

/* Begin PBXFileReference section */
		254022D323E520A200C35672 /* OperationDemo.app */ = {isa = PBXFileReference; explicitFileType = wrapper.application; includeInIndex = 0; path = OperationDemo.app; sourceTree = BUILT_PRODUCTS_DIR; };
		254022D623E520A200C35672 /* AppDelegate.h */ = {isa = PBXFileReference; lastKnownFileType = sourcecode.c.h; path = AppDelegate.h; sourceTree = "<group>"; };
		254022D723E520A200C35672 /* AppDelegate.m */ = {isa = PBXFileReference; lastKnownFileType = sourcecode.c.objc; path = AppDelegate.m; sourceTree = "<group>"; };
		254022D923E520A200C35672 /* SceneDelegate.h */ = {isa = PBXFileReference; lastKnownFileType = sourcecode.c.h; path = SceneDelegate.h; sourceTree = "<group>"; };
		254022DA23E520A200C35672 /* SceneDelegate.m */ = {isa = PBXFileReference; lastKnownFileType = sourcecode.c.objc; path = SceneDelegate.m; sourceTree = "<group>"; };
		254022DC23E520A200C35672 /* ViewController.h */ = {isa = PBXFileReference; lastKnownFileType = sourcecode.c.h; path = ViewController.h; sourceTree = "<group>"; };
		254022DD23E520A200C35672 /* ViewController.m */ = {isa = PBXFileReference; lastKnownFileType = sourcecode.c.objc; path = ViewController.m; sourceTree = "<group>"; };
		254022E023E520A200C35672 /* Base */ = {isa = PBXFileReference; lastKnownFileType = file.storyboard; name = Base; path = Base.lproj/Main.storyboard; sourceTree = "<group>"; };
		254022E223E520A300C35672 /* Assets.xcassets */ = {isa = PBXFileReference; lastKnownFileType = folder.assetcatalog; path = Assets.xcassets; sourceTree = "<group>"; };
		254022E523E520A300C35672 /* Base */ = {isa = PBXFileReference; lastKnownFileType = file.storyboard; name = Base; path = Base.lproj/LaunchScreen.storyboard; sourceTree = "<group>"; };
		254022E723E520A300C35672 /* Info.plist */ = {isa = PBXFileReference; lastKnownFileType = text.plist.xml; path = Info.plist; sourceTree = "<group>"; };
		254022E823E520A300C35672 /* main.m */ = {isa = PBXFileReference; lastKnownFileType = sourcecode.c.objc; path = main.m; sourceTree = "<group>"; };
		254022EF23E52FE200C35672 /* MyOperation.h */ = {isa = PBXFileReference; lastKnownFileType = sourcecode.c.h; path = MyOperation.h; sourceTree = "<group>"; };
		254022F023E52FE200C35672 /* MyOperation.m */ = {isa = PBXFileReference; lastKnownFileType = sourcecode.c.objc; path = MyOperation.m; sourceTree = "<group>"; };
/* End PBXFileReference section */

/* Begin PBXFrameworksBuildPhase section */
		254022D023E520A200C35672 /* Frameworks */ = {
			isa = PBXFrameworksBuildPhase;
			buildActionMask = 2147483647;
			files = (
			);
			runOnlyForDeploymentPostprocessing = 0;
		};
/* End PBXFrameworksBuildPhase section */

/* Begin PBXGroup section */
		254022CA23E520A200C35672 = {
			isa = PBXGroup;
			children = (
				254022D523E520A200C35672 /* OperationDemo */,
				254022D423E520A200C35672 /* Products */,
			);
			sourceTree = "<group>";
		};
		254022D423E520A200C35672 /* Products */ = {
			isa = PBXGroup;
			children = (
				254022D323E520A200C35672 /* OperationDemo.app */,
			);
			name = Products;
			sourceTree = "<group>";
		};
		254022D523E520A200C35672 /* OperationDemo */ = {
			isa = PBXGroup;
			children = (
				254022D623E520A200C35672 /* AppDelegate.h */,
				254022D723E520A200C35672 /* AppDelegate.m */,
				254022D923E520A200C35672 /* SceneDelegate.h */,
				254022DA23E520A200C35672 /* SceneDelegate.m */,
				254022DC23E520A200C35672 /* ViewController.h */,
				254022DD23E520A200C35672 /* ViewController.m */,
				254022EF23E52FE200C35672 /* MyOperation.h */,
				254022F023E52FE200C35672 /* MyOperation.m */,
				254022DF23E520A200C35672 /* Main.storyboard */,
				254022E223E520A300C35672 /* Assets.xcassets */,
				254022E423E520A300C35672 /* LaunchScreen.storyboard */,
				254022E723E520A300C35672 /* Info.plist */,
				254022E823E520A300C35672 /* main.m */,
			);
			path = OperationDemo;
			sourceTree = "<group>";
		};
/* End PBXGroup section */

/* Begin PBXNativeTarget section */
		254022D223E520A200C35672 /* OperationDemo */ = {
			isa = PBXNativeTarget;
			buildConfigurationList = 254022EC23E520A300C35672 /* Build configuration list for PBXNativeTarget "OperationDemo" */;
			buildPhases = (
				254022CF23E520A200C35672 /* Sources */,
				254022D023E520A200C35672 /* Frameworks */,
				254022D123E520A200C35672 /* Resources */,
			);
			buildRules = (
			);
			dependencies = (
			);
			name = OperationDemo;
			productName = OperationDemo;
			productReference = 254022D323E520A200C35672 /* OperationDemo.app */;
			productType = "com.apple.product-type.application";
		};
/* End PBXNativeTarget section */

/* Begin PBXProject section */
		254022CB23E520A200C35672 /* Project object */ = {
			isa = PBXProject;
			attributes = {
				LastUpgradeCheck = 1130;
				ORGANIZATIONNAME = jaki;
				TargetAttributes = {
					254022D223E520A200C35672 = {
						CreatedOnToolsVersion = 11.3.1;
					};
				};
			};
			buildConfigurationList = 254022CE23E520A200C35672 /* Build configuration list for PBXProject "OperationDemo" */;
			compatibilityVersion = "Xcode 9.3";
			developmentRegion = en;
			hasScannedForEncodings = 0;
			knownRegions = (
				en,
				Base,
			);
			mainGroup = 254022CA23E520A200C35672;
			productRefGroup = 254022D423E520A200C35672 /* Products */;
			projectDirPath = "";
			projectRoot = "";
			targets = (
				254022D223E520A200C35672 /* OperationDemo */,
			);
		};
/* End PBXProject section */

/* Begin PBXResourcesBuildPhase section */
		254022D123E520A200C35672 /* Resources */ = {
			isa = PBXResourcesBuildPhase;
			buildActionMask = 2147483647;
			files = (
				254022E623E520A300C35672 /* LaunchScreen.storyboard in Resources */,
				254022E323E520A300C35672 /* Assets.xcassets in Resources */,
				254022E123E520A200C35672 /* Main.storyboard in Resources */,
			);
			runOnlyForDeploymentPostprocessing = 0;
		};
/* End PBXResourcesBuildPhase section */

/* Begin PBXSourcesBuildPhase section */
		254022CF23E520A200C35672 /* Sources */ = {
			isa = PBXSourcesBuildPhase;
			buildActionMask = 2147483647;
			files = (
				254022DE23E520A200C35672 /* ViewController.m in Sources */,
				254022D823E520A200C35672 /* AppDelegate.m in Sources */,
				254022E923E520A300C35672 /* main.m in Sources */,
				254022F123E52FE200C35672 /* MyOperation.m in Sources */,
				254022DB23E520A200C35672 /* SceneDelegate.m in Sources */,
			);
			runOnlyForDeploymentPostprocessing = 0;
		};
/* End PBXSourcesBuildPhase section */

/* Begin PBXVariantGroup section */
		254022DF23E520A200C35672 /* Main.storyboard */ = {
			isa = PBXVariantGroup;
			children = (
				254022E023E520A200C35672 /* Base */,
			);
			name = Main.storyboard;
			sourceTree = "<group>";
		};
		254022E423E520A300C35672 /* LaunchScreen.storyboard */ = {
			isa = PBXVariantGroup;
			children = (
				254022E523E520A300C35672 /* Base */,
			);
			name = LaunchScreen.storyboard;
			sourceTree = "<group>";
		};
/* End PBXVariantGroup section */

/* Begin XCBuildConfiguration section */
		254022EA23E520A300C35672 /* Debug */ = {
			isa = XCBuildConfiguration;
			buildSettings = {
				ALWAYS_SEARCH_USER_PATHS = NO;
				CLANG_ANALYZER_NONNULL = YES;
				CLANG_ANALYZER_NUMBER_OBJECT_CONVERSION = YES_AGGRESSIVE;
				CLANG_CXX_LANGUAGE_STANDARD = "gnu++14";
				CLANG_CXX_LIBRARY = "libc++";
				CLANG_ENABLE_MODULES = YES;
				CLANG_ENABLE_OBJC_ARC = YES;
				CLANG_ENABLE_OBJC_WEAK = YES;
				CLANG_WARN_BLOCK_CAPTURE_AUTORELEASING = YES;
				CLANG_WARN_BOOL_CONVERSION = YES;
				CLANG_WARN_COMMA = YES;
				CLANG_WARN_CONSTANT_CONVERSION = YES;
				CLANG_WARN_DEPRECATED_OBJC_IMPLEMENTATIONS = YES;
				CLANG_WARN_DIRECT_OBJC_ISA_USAGE = YES_ERROR;
				CLANG_WARN_DOCUMENTATION_COMMENTS = YES;
				CLANG_WARN_EMPTY_BODY = YES;
				CLANG_WARN_ENUM_CONVERSION = YES;
				CLANG_WARN_INFINITE_RECURSION = YES;
				CLANG_WARN_INT_CONVERSION = YES;
				CLANG_WARN_NON_LITERAL_NULL_CONVERSION = YES;
				CLANG_WARN_OBJC_IMPLICIT_RETAIN_SELF = YES;
				CLANG_WARN_OBJC_LITERAL_CONVERSION = YES;
				CLANG_WARN_OBJC_ROOT_CLASS = YES_ERROR;
				CLANG_WARN_RANGE_LOOP_ANALYSIS = YES;
				CLANG_WARN_STRICT_PROTOTYPES = YES;
				CLANG_WARN_SUSPICIOUS_MOVE = YES;
				CLANG_WARN_UNGUARDED_AVAILABILITY = YES_AGGRESSIVE;
				CLANG_WARN_UNREACHABLE_CODE = YES;
				CLANG_WARN__DUPLICATE_METHOD_MATCH = YES;
				COPY_PHASE_STRIP = NO;
				DEBUG_INFORMATION_FORMAT = dwarf;
				ENABLE_STRICT_OBJC_MSGSEND = YES;
				ENABLE_TESTABILITY = YES;
				GCC_C_LANGUAGE_STANDARD = gnu11;
				GCC_DYNAMIC_NO_PIC = NO;
				GCC_NO_COMMON_BLOCKS = YES;
				GCC_OPTIMIZATION_LEVEL = 0;
				GCC_PREPROCESSOR_DEFINITIONS = (
					"DEBUG=1",
					"$(inherited)",
				);
				GCC_WARN_64_TO_32_BIT_CONVERSION = YES;
				GCC_WARN_ABOUT_RETURN_TYPE = YES_ERROR;
				GCC_WARN_UNDECLARED_SELECTOR = YES;
				GCC_WARN_UNINITIALIZED_AUTOS = YES_AGGRESSIVE;
				GCC_WARN_UNUSED_FUNCTION = YES;
				GCC_WARN_UNUSED_VARIABLE = YES;
				IPHONEOS_DEPLOYMENT_TARGET = 13.2;
				MTL_ENABLE_DEBUG_INFO = INCLUDE_SOURCE;
				MTL_FAST_MATH = YES;
				ONLY_ACTIVE_ARCH = YES;
				SDKROOT = iphoneos;
			};
			name = Debug;
		};
		254022EB23E520A300C35672 /* Release */ = {
			isa = XCBuildConfiguration;
			buildSettings = {
				ALWAYS_SEARCH_USER_PATHS = NO;
				CLANG_ANALYZER_NONNULL = YES;
				CLANG_ANALYZER_NUMBER_OBJECT_CONVERSION = YES_AGGRESSIVE;
				CLANG_CXX_LANGUAGE_STANDARD = "gnu++14";
				CLANG_CXX_LIBRARY = "libc++";
				CLANG_ENABLE_MODULES = YES;
				CLANG_ENABLE_OBJC_ARC = YES;
				CLANG_ENABLE_OBJC_WEAK = YES;
				CLANG_WARN_BLOCK_CAPTURE_AUTORELEASING = YES;
				CLANG_WARN_BOOL_CONVERSION = YES;
				CLANG_WARN_COMMA = YES;
				CLANG_WARN_CONSTANT_CONVERSION = YES;
				CLANG_WARN_DEPRECATED_OBJC_IMPLEMENTATIONS = YES;
				CLANG_WARN_DIRECT_OBJC_ISA_USAGE = YES_ERROR;
				CLANG_WARN_DOCUMENTATION_COMMENTS = YES;
				CLANG_WARN_EMPTY_BODY = YES;
				CLANG_WARN_ENUM_CONVERSION = YES;
				CLANG_WARN_INFINITE_RECURSION = YES;
				CLANG_WARN_INT_CONVERSION = YES;
				CLANG_WARN_NON_LITERAL_NULL_CONVERSION = YES;
				CLANG_WARN_OBJC_IMPLICIT_RETAIN_SELF = YES;
				CLANG_WARN_OBJC_LITERAL_CONVERSION = YES;
				CLANG_WARN_OBJC_ROOT_CLASS = YES_ERROR;
				CLANG_WARN_RANGE_LOOP_ANALYSIS = YES;
				CLANG_WARN_STRICT_PROTOTYPES = YES;
				CLANG_WARN_SUSPICIOUS_MOVE = YES;
				CLANG_WARN_UNGUARDED_AVAILABILITY = YES_AGGRESSIVE;
				CLANG_WARN_UNREACHABLE_CODE = YES;
				CLANG_WARN__DUPLICATE_METHOD_MATCH = YES;
				COPY_PHASE_STRIP = NO;
				DEBUG_INFORMATION_FORMAT = "dwarf-with-dsym";
				ENABLE_NS_ASSERTIONS = NO;
				ENABLE_STRICT_OBJC_MSGSEND = YES;
				GCC_C_LANGUAGE_STANDARD = gnu11;
				GCC_NO_COMMON_BLOCKS = YES;
				GCC_WARN_64_TO_32_BIT_CONVERSION = YES;
				GCC_WARN_ABOUT_RETURN_TYPE = YES_ERROR;
				GCC_WARN_UNDECLARED_SELECTOR = YES;
				GCC_WARN_UNINITIALIZED_AUTOS = YES_AGGRESSIVE;
				GCC_WARN_UNUSED_FUNCTION = YES;
				GCC_WARN_UNUSED_VARIABLE = YES;
				IPHONEOS_DEPLOYMENT_TARGET = 13.2;
				MTL_ENABLE_DEBUG_INFO = NO;
				MTL_FAST_MATH = YES;
				SDKROOT = iphoneos;
				VALIDATE_PRODUCT = YES;
			};
			name = Release;
		};
		254022ED23E520A300C35672 /* Debug */ = {
			isa = XCBuildConfiguration;
			buildSettings = {
				ASSETCATALOG_COMPILER_APPICON_NAME = AppIcon;
				CODE_SIGN_STYLE = Automatic;
				INFOPLIST_FILE = OperationDemo/Info.plist;
				LD_RUNPATH_SEARCH_PATHS = (
					"$(inherited)",
					"@executable_path/Frameworks",
				);
				PRODUCT_BUNDLE_IDENTIFIER = jaki.OperationDemo;
				PRODUCT_NAME = "$(TARGET_NAME)";
				TARGETED_DEVICE_FAMILY = "1,2";
			};
			name = Debug;
		};
		254022EE23E520A300C35672 /* Release */ = {
			isa = XCBuildConfiguration;
			buildSettings = {
				ASSETCATALOG_COMPILER_APPICON_NAME = AppIcon;
				CODE_SIGN_STYLE = Automatic;
				INFOPLIST_FILE = OperationDemo/Info.plist;
				LD_RUNPATH_SEARCH_PATHS = (
					"$(inherited)",
					"@executable_path/Frameworks",
				);
				PRODUCT_BUNDLE_IDENTIFIER = jaki.OperationDemo;
				PRODUCT_NAME = "$(TARGET_NAME)";
				TARGETED_DEVICE_FAMILY = "1,2";
			};
			name = Release;
		};
/* End XCBuildConfiguration section */

/* Begin XCConfigurationList section */
		254022CE23E520A200C35672 /* Build configuration list for PBXProject "OperationDemo" */ = {
			isa = XCConfigurationList;
			buildConfigurations = (
				254022EA23E520A300C35672 /* Debug */,
				254022EB23E520A300C35672 /* Release */,
			);
			defaultConfigurationIsVisible = 0;
			defaultConfigurationName = Release;
		};
		254022EC23E520A300C35672 /* Build configuration list for PBXNativeTarget "OperationDemo" */ = {
			isa = XCConfigurationList;
			buildConfigurations = (
				254022ED23E520A300C35672 /* Debug */,
				254022EE23E520A300C35672 /* Release */,
			);
			defaultConfigurationIsVisible = 0;
			defaultConfigurationName = Release;
		};
/* End XCConfigurationList section */
	};
	rootObject = 254022CB23E520A200C35672 /* Project object */;
}
